
Microsoft Visual Studio Solution File, Format Version 12.00
# Visual Studio 15
VisualStudioVersion = 15.0.27130.2010
MinimumVisualStudioVersion = 10.0.40219.1
Project("{FAE04EC0-301F-11D3-BF4B-00C04F79EFBC}") = "SernaSistemas", "SernaSistemas\SernaSistemas.csproj", "{5209042A-E74B-4BB3-AE05-83CC57120007}"
EndProject
Project("{FAE04EC0-301F-11D3-BF4B-00C04F79EFBC}") = "CoTeDiv", "CoTeDiv\CoTeDiv.csproj", "{ECD9AF92-C004-4B65-B521-D0773EC3CAE0}"
	ProjectSection(ProjectDependencies) = postProject
		{CEEE7934-5BCC-42E1-813B-31B8777743A6} = {CEEE7934-5BCC-42E1-813B-31B8777743A6}
	EndProjectSection
EndProject
Project("{FAE04EC0-301F-11D3-BF4B-00C04F79EFBC}") = "CoTeDiv.Tests", "CoTeDiv.Tests\CoTeDiv.Tests.csproj", "{532692D8-FCB8-478E-9520-376A3385584C}"
EndProject
Project("{FAE04EC0-301F-11D3-BF4B-00C04F79EFBC}") = "HistoriasClinicas", "HistoriasClinicas\HistoriasClinicas.csproj", "{C8435831-8F34-4DBE-91FD-D5B2AD3B00EA}"
EndProject
Project("{FAE04EC0-301F-11D3-BF4B-00C04F79EFBC}") = "HistoriasClinicas.Tests", "HistoriasClinicas.Tests\HistoriasClinicas.Tests.csproj", "{0E75A895-630B-49B9-B3DE-709594AD378E}"
EndProject
Project("{FAE04EC0-301F-11D3-BF4B-00C04F79EFBC}") = "Tiendas", "Tiendas\Tiendas.csproj", "{CDEC0EF9-322A-4FBC-A5C3-D4740F235CB2}"
EndProject
Project("{FAE04EC0-301F-11D3-BF4B-00C04F79EFBC}") = "Tiendas.Tests", "Tiendas.Tests\Tiendas.Tests.csproj", "{F1FF24A0-540C-4022-B81A-227A196E66F7}"
EndProject
Project("{FAE04EC0-301F-11D3-BF4B-00C04F79EFBC}") = "Hoteles", "Hoteles\Hoteles.csproj", "{0C30DC78-1CF6-4628-8F68-B58FC403F24F}"
EndProject
Project("{FAE04EC0-301F-11D3-BF4B-00C04F79EFBC}") = "Hoteles.Tests", "Hoteles.Tests\Hoteles.Tests.csproj", "{67DFAB29-70E8-4F83-8AB6-31B5A195CE5F}"
EndProject
Project("{FAE04EC0-301F-11D3-BF4B-00C04F79EFBC}") = "Bibliotecas", "Bibliotecas\Bibliotecas.csproj", "{CAC34AA3-3B5E-4524-83B2-4792E9E87F4D}"
EndProject
Project("{FAE04EC0-301F-11D3-BF4B-00C04F79EFBC}") = "Bibliotecas.Tests", "Bibliotecas.Tests\Bibliotecas.Tests.csproj", "{36129E36-E79E-484A-8C4C-E99D62B2220A}"
EndProject
Project("{FAE04EC0-301F-11D3-BF4B-00C04F79EFBC}") = "Escolar", "Escolar\Escolar.csproj", "{7DC2E511-3345-4319-B55B-A0B01F8E84AF}"
EndProject
Project("{FAE04EC0-301F-11D3-BF4B-00C04F79EFBC}") = "Escolar.Tests", "Escolar.Tests\Escolar.Tests.csproj", "{543CC0A2-742A-4816-B920-7B11321AF24B}"
EndProject
Project("{FAE04EC0-301F-11D3-BF4B-00C04F79EFBC}") = "SernaSistemas.Core", "SernaSistemas.Core\SernaSistemas.Core.csproj", "{3F8959AF-0CC4-489B-B7E7-B4299B6C4024}"
EndProject
Project("{2150E333-8FDC-42A3-9474-1A3956D46DE8}") = "Sitios", "Sitios", "{7E398640-1FD5-404C-B2A1-B2AAF42B724D}"
EndProject
Project("{2150E333-8FDC-42A3-9474-1A3956D46DE8}") = "Pruebas", "Pruebas", "{C6915461-5113-4099-B3F6-BE8089020386}"
EndProject
Project("{2150E333-8FDC-42A3-9474-1A3956D46DE8}") = "Biblioteca", "Biblioteca", "{E78EBBC8-70B6-4CCD-ABD8-40D759DE1B5A}"
EndProject
Project("{2150E333-8FDC-42A3-9474-1A3956D46DE8}") = "Servicios", "Servicios", "{8D83C712-00A1-44A6-BF5A-9C7938F776FB}"
EndProject
Project("{FAE04EC0-301F-11D3-BF4B-00C04F79EFBC}") = "WCFCotedivLib", "WCFCotedivLib\WCFCotedivLib.csproj", "{CEEE7934-5BCC-42E1-813B-31B8777743A6}"
EndProject
Project("{FAE04EC0-301F-11D3-BF4B-00C04F79EFBC}") = "WCFTiendasLib", "WCFTiendasLib\WCFTiendasLib.csproj", "{5C810FF8-D147-4797-94F5-B24DA8D41BBC}"
EndProject
Project("{FAE04EC0-301F-11D3-BF4B-00C04F79EFBC}") = "WCFSernaSistemasLib", "WCFSernaSistemasLib\WCFSernaSistemasLib.csproj", "{CCE974C2-7583-43E3-AC15-E276B68BBE95}"
EndProject
Project("{2150E333-8FDC-42A3-9474-1A3956D46DE8}") = "DataAccess", "DataAccess", "{90BF2C47-746C-4428-B70E-5F0CAA68C537}"
EndProject
Project("{FAE04EC0-301F-11D3-BF4B-00C04F79EFBC}") = "SernaSistemas.DataAccess", "SernaSistemas.DataAccess\SernaSistemas.DataAccess.csproj", "{3801434F-88C9-446A-B111-A13A334968FD}"
EndProject
Project("{2150E333-8FDC-42A3-9474-1A3956D46DE8}") = "Solution Items", "Solution Items", "{BF25C702-89E6-4415-9193-1841C90D2153}"
	ProjectSection(SolutionItems) = preProject
		SQLScripts\AdmonProyectos.sql = SQLScripts\AdmonProyectos.sql
		AdmonProyectos_Data.sql = AdmonProyectos_Data.sql
		SQLScripts\contactos.sql = SQLScripts\contactos.sql
		SQLScripts\data.sql = SQLScripts\data.sql
		SQLScripts\schema1.sql = SQLScripts\schema1.sql
	EndProjectSection
EndProject
Global
	GlobalSection(SolutionConfigurationPlatforms) = preSolution
		Debug|Any CPU = Debug|Any CPU
		Release|Any CPU = Release|Any CPU
	EndGlobalSection
	GlobalSection(ProjectConfigurationPlatforms) = postSolution
		{5209042A-E74B-4BB3-AE05-83CC57120007}.Debug|Any CPU.ActiveCfg = Debug|Any CPU
		{5209042A-E74B-4BB3-AE05-83CC57120007}.Debug|Any CPU.Build.0 = Debug|Any CPU
		{5209042A-E74B-4BB3-AE05-83CC57120007}.Release|Any CPU.ActiveCfg = Release|Any CPU
		{5209042A-E74B-4BB3-AE05-83CC57120007}.Release|Any CPU.Build.0 = Release|Any CPU
		{ECD9AF92-C004-4B65-B521-D0773EC3CAE0}.Debug|Any CPU.ActiveCfg = Debug|Any CPU
		{ECD9AF92-C004-4B65-B521-D0773EC3CAE0}.Debug|Any CPU.Build.0 = Debug|Any CPU
		{ECD9AF92-C004-4B65-B521-D0773EC3CAE0}.Release|Any CPU.ActiveCfg = Release|Any CPU
		{ECD9AF92-C004-4B65-B521-D0773EC3CAE0}.Release|Any CPU.Build.0 = Release|Any CPU
		{532692D8-FCB8-478E-9520-376A3385584C}.Debug|Any CPU.ActiveCfg = Debug|Any CPU
		{532692D8-FCB8-478E-9520-376A3385584C}.Debug|Any CPU.Build.0 = Debug|Any CPU
		{532692D8-FCB8-478E-9520-376A3385584C}.Release|Any CPU.ActiveCfg = Release|Any CPU
		{532692D8-FCB8-478E-9520-376A3385584C}.Release|Any CPU.Build.0 = Release|Any CPU
		{C8435831-8F34-4DBE-91FD-D5B2AD3B00EA}.Debug|Any CPU.ActiveCfg = Debug|Any CPU
		{C8435831-8F34-4DBE-91FD-D5B2AD3B00EA}.Debug|Any CPU.Build.0 = Debug|Any CPU
		{C8435831-8F34-4DBE-91FD-D5B2AD3B00EA}.Release|Any CPU.ActiveCfg = Release|Any CPU
		{C8435831-8F34-4DBE-91FD-D5B2AD3B00EA}.Release|Any CPU.Build.0 = Release|Any CPU
		{0E75A895-630B-49B9-B3DE-709594AD378E}.Debug|Any CPU.ActiveCfg = Debug|Any CPU
		{0E75A895-630B-49B9-B3DE-709594AD378E}.Debug|Any CPU.Build.0 = Debug|Any CPU
		{0E75A895-630B-49B9-B3DE-709594AD378E}.Release|Any CPU.ActiveCfg = Release|Any CPU
		{0E75A895-630B-49B9-B3DE-709594AD378E}.Release|Any CPU.Build.0 = Release|Any CPU
		{CDEC0EF9-322A-4FBC-A5C3-D4740F235CB2}.Debug|Any CPU.ActiveCfg = Debug|Any CPU
		{CDEC0EF9-322A-4FBC-A5C3-D4740F235CB2}.Debug|Any CPU.Build.0 = Debug|Any CPU
		{CDEC0EF9-322A-4FBC-A5C3-D4740F235CB2}.Release|Any CPU.ActiveCfg = Release|Any CPU
		{CDEC0EF9-322A-4FBC-A5C3-D4740F235CB2}.Release|Any CPU.Build.0 = Release|Any CPU
		{F1FF24A0-540C-4022-B81A-227A196E66F7}.Debug|Any CPU.ActiveCfg = Debug|Any CPU
		{F1FF24A0-540C-4022-B81A-227A196E66F7}.Debug|Any CPU.Build.0 = Debug|Any CPU
		{F1FF24A0-540C-4022-B81A-227A196E66F7}.Release|Any CPU.ActiveCfg = Release|Any CPU
		{F1FF24A0-540C-4022-B81A-227A196E66F7}.Release|Any CPU.Build.0 = Release|Any CPU
		{0C30DC78-1CF6-4628-8F68-B58FC403F24F}.Debug|Any CPU.ActiveCfg = Debug|Any CPU
		{0C30DC78-1CF6-4628-8F68-B58FC403F24F}.Debug|Any CPU.Build.0 = Debug|Any CPU
		{0C30DC78-1CF6-4628-8F68-B58FC403F24F}.Release|Any CPU.ActiveCfg = Release|Any CPU
		{0C30DC78-1CF6-4628-8F68-B58FC403F24F}.Release|Any CPU.Build.0 = Release|Any CPU
		{67DFAB29-70E8-4F83-8AB6-31B5A195CE5F}.Debug|Any CPU.ActiveCfg = Debug|Any CPU
		{67DFAB29-70E8-4F83-8AB6-31B5A195CE5F}.Debug|Any CPU.Build.0 = Debug|Any CPU
		{67DFAB29-70E8-4F83-8AB6-31B5A195CE5F}.Release|Any CPU.ActiveCfg = Release|Any CPU
		{67DFAB29-70E8-4F83-8AB6-31B5A195CE5F}.Release|Any CPU.Build.0 = Release|Any CPU
		{CAC34AA3-3B5E-4524-83B2-4792E9E87F4D}.Debug|Any CPU.ActiveCfg = Debug|Any CPU
		{CAC34AA3-3B5E-4524-83B2-4792E9E87F4D}.Debug|Any CPU.Build.0 = Debug|Any CPU
		{CAC34AA3-3B5E-4524-83B2-4792E9E87F4D}.Release|Any CPU.ActiveCfg = Release|Any CPU
		{CAC34AA3-3B5E-4524-83B2-4792E9E87F4D}.Release|Any CPU.Build.0 = Release|Any CPU
		{36129E36-E79E-484A-8C4C-E99D62B2220A}.Debug|Any CPU.ActiveCfg = Debug|Any CPU
		{36129E36-E79E-484A-8C4C-E99D62B2220A}.Debug|Any CPU.Build.0 = Debug|Any CPU
		{36129E36-E79E-484A-8C4C-E99D62B2220A}.Release|Any CPU.ActiveCfg = Release|Any CPU
		{36129E36-E79E-484A-8C4C-E99D62B2220A}.Release|Any CPU.Build.0 = Release|Any CPU
		{7DC2E511-3345-4319-B55B-A0B01F8E84AF}.Debug|Any CPU.ActiveCfg = Debug|Any CPU
		{7DC2E511-3345-4319-B55B-A0B01F8E84AF}.Debug|Any CPU.Build.0 = Debug|Any CPU
		{7DC2E511-3345-4319-B55B-A0B01F8E84AF}.Release|Any CPU.ActiveCfg = Release|Any CPU
		{7DC2E511-3345-4319-B55B-A0B01F8E84AF}.Release|Any CPU.Build.0 = Release|Any CPU
		{543CC0A2-742A-4816-B920-7B11321AF24B}.Debug|Any CPU.ActiveCfg = Debug|Any CPU
		{543CC0A2-742A-4816-B920-7B11321AF24B}.Debug|Any CPU.Build.0 = Debug|Any CPU
		{543CC0A2-742A-4816-B920-7B11321AF24B}.Release|Any CPU.ActiveCfg = Release|Any CPU
		{543CC0A2-742A-4816-B920-7B11321AF24B}.Release|Any CPU.Build.0 = Release|Any CPU
		{3F8959AF-0CC4-489B-B7E7-B4299B6C4024}.Debug|Any CPU.ActiveCfg = Debug|Any CPU
		{3F8959AF-0CC4-489B-B7E7-B4299B6C4024}.Debug|Any CPU.Build.0 = Debug|Any CPU
		{3F8959AF-0CC4-489B-B7E7-B4299B6C4024}.Release|Any CPU.ActiveCfg = Release|Any CPU
		{3F8959AF-0CC4-489B-B7E7-B4299B6C4024}.Release|Any CPU.Build.0 = Release|Any CPU
		{CEEE7934-5BCC-42E1-813B-31B8777743A6}.Debug|Any CPU.ActiveCfg = Debug|Any CPU
		{CEEE7934-5BCC-42E1-813B-31B8777743A6}.Debug|Any CPU.Build.0 = Debug|Any CPU
		{CEEE7934-5BCC-42E1-813B-31B8777743A6}.Release|Any CPU.ActiveCfg = Release|Any CPU
		{CEEE7934-5BCC-42E1-813B-31B8777743A6}.Release|Any CPU.Build.0 = Release|Any CPU
		{5C810FF8-D147-4797-94F5-B24DA8D41BBC}.Debug|Any CPU.ActiveCfg = Debug|Any CPU
		{5C810FF8-D147-4797-94F5-B24DA8D41BBC}.Debug|Any CPU.Build.0 = Debug|Any CPU
		{5C810FF8-D147-4797-94F5-B24DA8D41BBC}.Release|Any CPU.ActiveCfg = Release|Any CPU
		{5C810FF8-D147-4797-94F5-B24DA8D41BBC}.Release|Any CPU.Build.0 = Release|Any CPU
		{CCE974C2-7583-43E3-AC15-E276B68BBE95}.Debug|Any CPU.ActiveCfg = Debug|Any CPU
		{CCE974C2-7583-43E3-AC15-E276B68BBE95}.Debug|Any CPU.Build.0 = Debug|Any CPU
		{CCE974C2-7583-43E3-AC15-E276B68BBE95}.Release|Any CPU.ActiveCfg = Release|Any CPU
		{CCE974C2-7583-43E3-AC15-E276B68BBE95}.Release|Any CPU.Build.0 = Release|Any CPU
		{3801434F-88C9-446A-B111-A13A334968FD}.Debug|Any CPU.ActiveCfg = Debug|Any CPU
		{3801434F-88C9-446A-B111-A13A334968FD}.Debug|Any CPU.Build.0 = Debug|Any CPU
		{3801434F-88C9-446A-B111-A13A334968FD}.Release|Any CPU.ActiveCfg = Release|Any CPU
		{3801434F-88C9-446A-B111-A13A334968FD}.Release|Any CPU.Build.0 = Release|Any CPU
	EndGlobalSection
	GlobalSection(SolutionProperties) = preSolution
		HideSolutionNode = FALSE
	EndGlobalSection
	GlobalSection(NestedProjects) = preSolution
		{5209042A-E74B-4BB3-AE05-83CC57120007} = {7E398640-1FD5-404C-B2A1-B2AAF42B724D}
		{ECD9AF92-C004-4B65-B521-D0773EC3CAE0} = {7E398640-1FD5-404C-B2A1-B2AAF42B724D}
		{532692D8-FCB8-478E-9520-376A3385584C} = {C6915461-5113-4099-B3F6-BE8089020386}
		{C8435831-8F34-4DBE-91FD-D5B2AD3B00EA} = {7E398640-1FD5-404C-B2A1-B2AAF42B724D}
		{0E75A895-630B-49B9-B3DE-709594AD378E} = {C6915461-5113-4099-B3F6-BE8089020386}
		{CDEC0EF9-322A-4FBC-A5C3-D4740F235CB2} = {7E398640-1FD5-404C-B2A1-B2AAF42B724D}
		{F1FF24A0-540C-4022-B81A-227A196E66F7} = {C6915461-5113-4099-B3F6-BE8089020386}
		{0C30DC78-1CF6-4628-8F68-B58FC403F24F} = {7E398640-1FD5-404C-B2A1-B2AAF42B724D}
		{67DFAB29-70E8-4F83-8AB6-31B5A195CE5F} = {C6915461-5113-4099-B3F6-BE8089020386}
		{CAC34AA3-3B5E-4524-83B2-4792E9E87F4D} = {7E398640-1FD5-404C-B2A1-B2AAF42B724D}
		{36129E36-E79E-484A-8C4C-E99D62B2220A} = {C6915461-5113-4099-B3F6-BE8089020386}
		{7DC2E511-3345-4319-B55B-A0B01F8E84AF} = {7E398640-1FD5-404C-B2A1-B2AAF42B724D}
		{543CC0A2-742A-4816-B920-7B11321AF24B} = {C6915461-5113-4099-B3F6-BE8089020386}
		{3F8959AF-0CC4-489B-B7E7-B4299B6C4024} = {E78EBBC8-70B6-4CCD-ABD8-40D759DE1B5A}
		{CEEE7934-5BCC-42E1-813B-31B8777743A6} = {8D83C712-00A1-44A6-BF5A-9C7938F776FB}
		{5C810FF8-D147-4797-94F5-B24DA8D41BBC} = {8D83C712-00A1-44A6-BF5A-9C7938F776FB}
		{CCE974C2-7583-43E3-AC15-E276B68BBE95} = {8D83C712-00A1-44A6-BF5A-9C7938F776FB}
		{3801434F-88C9-446A-B111-A13A334968FD} = {90BF2C47-746C-4428-B70E-5F0CAA68C537}
	EndGlobalSection
	GlobalSection(ExtensibilityGlobals) = postSolution
		SolutionGuid = {4CC0C561-B9B9-4218-B561-7599DEFCF3BE}
	EndGlobalSection
EndGlobal
